
Microsoft Visual Studio Solution File, Format Version 12.00
# Visual Studio Version 17
VisualStudioVersion = 17.3.32811.315
MinimumVisualStudioVersion = 10.0.40219.1
Project("{9092AA53-FB77-4645-B42D-1CCCA6BD08BD}") = "jwt", "jwt\jwt.njsproj", "{9750D124-0320-4EAA-BA43-B5F6974E5794}"
EndProject
Global
	GlobalSection(SolutionConfigurationPlatforms) = preSolution
		Debug|Any CPU = Debug|Any CPU
		Release|Any CPU = Release|Any CPU
	EndGlobalSection
	GlobalSection(ProjectConfigurationPlatforms) = postSolution
		{9750D124-0320-4EAA-BA43-B5F6974E5794}.Debug|Any CPU.ActiveCfg = Debug|Any CPU
		{9750D124-0320-4EAA-BA43-B5F6974E5794}.Debug|Any CPU.Build.0 = Debug|Any CPU
		{9750D124-0320-4EAA-BA43-B5F6974E5794}.Release|Any CPU.ActiveCfg = Release|Any CPU
		{9750D124-0320-4EAA-BA43-B5F6974E5794}.Release|Any CPU.Build.0 = Release|Any CPU
	EndGlobalSection
	GlobalSection(SolutionProperties) = preSolution
		HideSolutionNode = FALSE
	EndGlobalSection
	GlobalSection(ExtensibilityGlobals) = postSolution
		SolutionGuid = {ABDC9A10-B76B-4520-B4C2-30DAF371F705}
	EndGlobalSection
EndGlobal
